{
  "name": "新建文件夹",
  "lockfileVersion": 3,
  "requires": true,
  "packages": {
    "": {
      "dependencies": {
        "node-opencc": "^2.0.1"
      }
    },
    "node_modules/node-opencc": {
      "version": "2.0.1",
      "resolved": "https://registry.npmjs.org/node-opencc/-/node-opencc-2.0.1.tgz",
      "integrity": "sha512-SXhWq9oZU0V98xfxsJOEyfWRrcnec2f3zqKuugKta+UHmqtehNAd6QVYcEQ2CpwhmcRUVWaLovVLIIBm3jDXGg==",
      "engines": {
        "node": ">= 7.6.0"
      }
    }
  }
}
